// !$*UTF8*$!
{
	archiveVersion = 1;
	classes = {
	};
	objectVersion = 46;
	objects = {

/* Begin PBXBuildFile section */
		10C2B17F1E7C8CB2000CF39F /* AppDelegate.swift in Sources */ = {isa = PBXBuildFile; fileRef = 10C2B17E1E7C8CB2000CF39F /* AppDelegate.swift */; };
		10C2B1811E7C8CB2000CF39F /* ViewController.swift in Sources */ = {isa = PBXBuildFile; fileRef = 10C2B1801E7C8CB2000CF39F /* ViewController.swift */; };
		10C2B1841E7C8CB2000CF39F /* Main.storyboard in Resources */ = {isa = PBXBuildFile; fileRef = 10C2B1821E7C8CB2000CF39F /* Main.storyboard */; };
		10C2B1861E7C8CB2000CF39F /* Assets.xcassets in Resources */ = {isa = PBXBuildFile; fileRef = 10C2B1851E7C8CB2000CF39F /* Assets.xcassets */; };
		10C2B1891E7C8CB2000CF39F /* LaunchScreen.storyboard in Resources */ = {isa = PBXBuildFile; fileRef = 10C2B1871E7C8CB2000CF39F /* LaunchScreen.storyboard */; };
		10C2B1911E7C8EF6000CF39F /* password in Resources */ = {isa = PBXBuildFile; fileRef = 10C2B1901E7C8EF6000CF39F /* password */; };
		95D4754F67DC294351D9B196 /* Pods_Uber_Clone.framework in Frameworks */ = {isa = PBXBuildFile; fileRef = EB770360BCFCD0FD78D594C0 /* Pods_Uber_Clone.framework */; };
/* End PBXBuildFile section */

/* Begin PBXFileReference section */
		0ADAC73615171F9AE69F10C7 /* Pods-Uber Clone.release.xcconfig */ = {isa = PBXFileReference; includeInIndex = 1; lastKnownFileType = text.xcconfig; name = "Pods-Uber Clone.release.xcconfig"; path = "Pods/Target Support Files/Pods-Uber Clone/Pods-Uber Clone.release.xcconfig"; sourceTree = "<group>"; };
		10C2B17B1E7C8CB2000CF39F /* Uber Clone.app */ = {isa = PBXFileReference; explicitFileType = wrapper.application; includeInIndex = 0; path = "Uber Clone.app"; sourceTree = BUILT_PRODUCTS_DIR; };
		10C2B17E1E7C8CB2000CF39F /* AppDelegate.swift */ = {isa = PBXFileReference; lastKnownFileType = sourcecode.swift; path = AppDelegate.swift; sourceTree = "<group>"; };
		10C2B1801E7C8CB2000CF39F /* ViewController.swift */ = {isa = PBXFileReference; lastKnownFileType = sourcecode.swift; path = ViewController.swift; sourceTree = "<group>"; };
		10C2B1831E7C8CB2000CF39F /* Base */ = {isa = PBXFileReference; lastKnownFileType = file.storyboard; name = Base; path = Base.lproj/Main.storyboard; sourceTree = "<group>"; };
		10C2B1851E7C8CB2000CF39F /* Assets.xcassets */ = {isa = PBXFileReference; lastKnownFileType = folder.assetcatalog; path = Assets.xcassets; sourceTree = "<group>"; };
		10C2B1881E7C8CB2000CF39F /* Base */ = {isa = PBXFileReference; lastKnownFileType = file.storyboard; name = Base; path = Base.lproj/LaunchScreen.storyboard; sourceTree = "<group>"; };
		10C2B18A1E7C8CB2000CF39F /* Info.plist */ = {isa = PBXFileReference; lastKnownFileType = text.plist.xml; path = Info.plist; sourceTree = "<group>"; };
		10C2B1901E7C8EF6000CF39F /* password */ = {isa = PBXFileReference; fileEncoding = 4; lastKnownFileType = text; path = password; sourceTree = "<group>"; };
		3145DF16EDB0FC7ADB1CC7A5 /* Pods-Uber Clone.debug.xcconfig */ = {isa = PBXFileReference; includeInIndex = 1; lastKnownFileType = text.xcconfig; name = "Pods-Uber Clone.debug.xcconfig"; path = "Pods/Target Support Files/Pods-Uber Clone/Pods-Uber Clone.debug.xcconfig"; sourceTree = "<group>"; };
		EB770360BCFCD0FD78D594C0 /* Pods_Uber_Clone.framework */ = {isa = PBXFileReference; explicitFileType = wrapper.framework; includeInIndex = 0; path = Pods_Uber_Clone.framework; sourceTree = BUILT_PRODUCTS_DIR; };
/* End PBXFileReference section */

/* Begin PBXFrameworksBuildPhase section */
		10C2B1781E7C8CB2000CF39F /* Frameworks */ = {
			isa = PBXFrameworksBuildPhase;
			buildActionMask = 2147483647;
			files = (
				95D4754F67DC294351D9B196 /* Pods_Uber_Clone.framework in Frameworks */,
			);
			runOnlyForDeploymentPostprocessing = 0;
		};
/* End PBXFrameworksBuildPhase section */

/* Begin PBXGroup section */
		10C2B1721E7C8CB2000CF39F = {
			isa = PBXGroup;
			children = (
				10C2B17D1E7C8CB2000CF39F /* Uber Clone */,
				10C2B17C1E7C8CB2000CF39F /* Products */,
				56F448EAF8AF51CD414B5ED2 /* Pods */,
				E13718AFBD52991019F1937E /* Frameworks */,
			);
			sourceTree = "<group>";
		};
		10C2B17C1E7C8CB2000CF39F /* Products */ = {
			isa = PBXGroup;
			children = (
				10C2B17B1E7C8CB2000CF39F /* Uber Clone.app */,
			);
			name = Products;
			sourceTree = "<group>";
		};
		10C2B17D1E7C8CB2000CF39F /* Uber Clone */ = {
			isa = PBXGroup;
			children = (
				10C2B17E1E7C8CB2000CF39F /* AppDelegate.swift */,
				10C2B1801E7C8CB2000CF39F /* ViewController.swift */,
				10C2B1821E7C8CB2000CF39F /* Main.storyboard */,
				10C2B1851E7C8CB2000CF39F /* Assets.xcassets */,
				10C2B1871E7C8CB2000CF39F /* LaunchScreen.storyboard */,
				10C2B18A1E7C8CB2000CF39F /* Info.plist */,
				10C2B1901E7C8EF6000CF39F /* password */,
			);
			path = "Uber Clone";
			sourceTree = "<group>";
		};
		56F448EAF8AF51CD414B5ED2 /* Pods */ = {
			isa = PBXGroup;
			children = (
				3145DF16EDB0FC7ADB1CC7A5 /* Pods-Uber Clone.debug.xcconfig */,
				0ADAC73615171F9AE69F10C7 /* Pods-Uber Clone.release.xcconfig */,
			);
			name = Pods;
			sourceTree = "<group>";
		};
		E13718AFBD52991019F1937E /* Frameworks */ = {
			isa = PBXGroup;
			children = (
				EB770360BCFCD0FD78D594C0 /* Pods_Uber_Clone.framework */,
			);
			name = Frameworks;
			sourceTree = "<group>";
		};
/* End PBXGroup section */

/* Begin PBXNativeTarget section */
		10C2B17A1E7C8CB2000CF39F /* Uber Clone */ = {
			isa = PBXNativeTarget;
			buildConfigurationList = 10C2B18D1E7C8CB2000CF39F /* Build configuration list for PBXNativeTarget "Uber Clone" */;
			buildPhases = (
				C87E02E22D47D6ADF37B3761 /* [CP] Check Pods Manifest.lock */,
				10C2B1771E7C8CB2000CF39F /* Sources */,
				10C2B1781E7C8CB2000CF39F /* Frameworks */,
				10C2B1791E7C8CB2000CF39F /* Resources */,
				C41ECB5A7ADCD021D071E565 /* [CP] Embed Pods Frameworks */,
				DA2C9ECB185A524FC1B08CE6 /* [CP] Copy Pods Resources */,
			);
			buildRules = (
			);
			dependencies = (
			);
			name = "Uber Clone";
			productName = "Uber Clone";
			productReference = 10C2B17B1E7C8CB2000CF39F /* Uber Clone.app */;
			productType = "com.apple.product-type.application";
		};
/* End PBXNativeTarget section */

/* Begin PBXProject section */
		10C2B1731E7C8CB2000CF39F /* Project object */ = {
			isa = PBXProject;
			attributes = {
				LastSwiftUpdateCheck = 0820;
				LastUpgradeCheck = 0820;
				ORGANIZATIONNAME = "Mohammad Hemani";
				TargetAttributes = {
					10C2B17A1E7C8CB2000CF39F = {
						CreatedOnToolsVersion = 8.2.1;
						ProvisioningStyle = Automatic;
					};
				};
			};
			buildConfigurationList = 10C2B1761E7C8CB2000CF39F /* Build configuration list for PBXProject "Uber Clone" */;
			compatibilityVersion = "Xcode 3.2";
			developmentRegion = English;
			hasScannedForEncodings = 0;
			knownRegions = (
				en,
				Base,
			);
			mainGroup = 10C2B1721E7C8CB2000CF39F;
			productRefGroup = 10C2B17C1E7C8CB2000CF39F /* Products */;
			projectDirPath = "";
			projectRoot = "";
			targets = (
				10C2B17A1E7C8CB2000CF39F /* Uber Clone */,
			);
		};
/* End PBXProject section */

/* Begin PBXResourcesBuildPhase section */
		10C2B1791E7C8CB2000CF39F /* Resources */ = {
			isa = PBXResourcesBuildPhase;
			buildActionMask = 2147483647;
			files = (
				10C2B1891E7C8CB2000CF39F /* LaunchScreen.storyboard in Resources */,
				10C2B1861E7C8CB2000CF39F /* Assets.xcassets in Resources */,
				10C2B1841E7C8CB2000CF39F /* Main.storyboard in Resources */,
				10C2B1911E7C8EF6000CF39F /* password in Resources */,
			);
			runOnlyForDeploymentPostprocessing = 0;
		};
/* End PBXResourcesBuildPhase section */

/* Begin PBXShellScriptBuildPhase section */
		C41ECB5A7ADCD021D071E565 /* [CP] Embed Pods Frameworks */ = {
			isa = PBXShellScriptBuildPhase;
			buildActionMask = 2147483647;
			files = (
			);
			inputPaths = (
			);
			name = "[CP] Embed Pods Frameworks";
			outputPaths = (
			);
			runOnlyForDeploymentPostprocessing = 0;
			shellPath = /bin/sh;
			shellScript = "\"${SRCROOT}/Pods/Target Support Files/Pods-Uber Clone/Pods-Uber Clone-frameworks.sh\"\n";
			showEnvVarsInLog = 0;
		};
		C87E02E22D47D6ADF37B3761 /* [CP] Check Pods Manifest.lock */ = {
			isa = PBXShellScriptBuildPhase;
			buildActionMask = 2147483647;
			files = (
			);
			inputPaths = (
			);
			name = "[CP] Check Pods Manifest.lock";
			outputPaths = (
			);
			runOnlyForDeploymentPostprocessing = 0;
			shellPath = /bin/sh;
			shellScript = "diff \"${PODS_ROOT}/../Podfile.lock\" \"${PODS_ROOT}/Manifest.lock\" > /dev/null\nif [ $? != 0 ] ; then\n    # print error to STDERR\n    echo \"error: The sandbox is not in sync with the Podfile.lock. Run 'pod install' or update your CocoaPods installation.\" >&2\n    exit 1\nfi\n";
			showEnvVarsInLog = 0;
		};
		DA2C9ECB185A524FC1B08CE6 /* [CP] Copy Pods Resources */ = {
			isa = PBXShellScriptBuildPhase;
			buildActionMask = 2147483647;
			files = (
			);
			inputPaths = (
			);
			name = "[CP] Copy Pods Resources";
			outputPaths = (
			);
			runOnlyForDeploymentPostprocessing = 0;
			shellPath = /bin/sh;
			shellScript = "\"${SRCROOT}/Pods/Target Support Files/Pods-Uber Clone/Pods-Uber Clone-resources.sh\"\n";
			showEnvVarsInLog = 0;
		};
/* End PBXShellScriptBuildPhase section */

/* Begin PBXSourcesBuildPhase section */
		10C2B1771E7C8CB2000CF39F /* Sources */ = {
			isa = PBXSourcesBuildPhase;
			buildActionMask = 2147483647;
			files = (
				10C2B1811E7C8CB2000CF39F /* ViewController.swift in Sources */,
				10C2B17F1E7C8CB2000CF39F /* AppDelegate.swift in Sources */,
			);
			runOnlyForDeploymentPostprocessing = 0;
		};
/* End PBXSourcesBuildPhase section */

/* Begin PBXVariantGroup section */
		10C2B1821E7C8CB2000CF39F /* Main.storyboard */ = {
			isa = PBXVariantGroup;
			children = (
				10C2B1831E7C8CB2000CF39F /* Base */,
			);
			name = Main.storyboard;
			sourceTree = "<group>";
		};
		10C2B1871E7C8CB2000CF39F /* LaunchScreen.storyboard */ = {
			isa = PBXVariantGroup;
			children = (
				10C2B1881E7C8CB2000CF39F /* Base */,
			);
			name = LaunchScreen.storyboard;
			sourceTree = "<group>";
		};
/* End PBXVariantGroup section */

/* Begin XCBuildConfiguration section */
		10C2B18B1E7C8CB2000CF39F /* Debug */ = {
			isa = XCBuildConfiguration;
			buildSettings = {
				ALWAYS_SEARCH_USER_PATHS = NO;
				CLANG_ANALYZER_NONNULL = YES;
				CLANG_CXX_LANGUAGE_STANDARD = "gnu++0x";
				CLANG_CXX_LIBRARY = "libc++";
				CLANG_ENABLE_MODULES = YES;
				CLANG_ENABLE_OBJC_ARC = YES;
				CLANG_WARN_BOOL_CONVERSION = YES;
				CLANG_WARN_CONSTANT_CONVERSION = YES;
				CLANG_WARN_DIRECT_OBJC_ISA_USAGE = YES_ERROR;
				CLANG_WARN_DOCUMENTATION_COMMENTS = YES;
				CLANG_WARN_EMPTY_BODY = YES;
				CLANG_WARN_ENUM_CONVERSION = YES;
				CLANG_WARN_INFINITE_RECURSION = YES;
				CLANG_WARN_INT_CONVERSION = YES;
				CLANG_WARN_OBJC_ROOT_CLASS = YES_ERROR;
				CLANG_WARN_SUSPICIOUS_MOVE = YES;
				CLANG_WARN_UNREACHABLE_CODE = YES;
				CLANG_WARN__DUPLICATE_METHOD_MATCH = YES;
				"CODE_SIGN_IDENTITY[sdk=iphoneos*]" = "iPhone Developer";
				COPY_PHASE_STRIP = NO;
				DEBUG_INFORMATION_FORMAT = dwarf;
				ENABLE_STRICT_OBJC_MSGSEND = YES;
				ENABLE_TESTABILITY = YES;
				GCC_C_LANGUAGE_STANDARD = gnu99;
				GCC_DYNAMIC_NO_PIC = NO;
				GCC_NO_COMMON_BLOCKS = YES;
				GCC_OPTIMIZATION_LEVEL = 0;
				GCC_PREPROCESSOR_DEFINITIONS = (
					"DEBUG=1",
					"$(inherited)",
				);
				GCC_WARN_64_TO_32_BIT_CONVERSION = YES;
				GCC_WARN_ABOUT_RETURN_TYPE = YES_ERROR;
				GCC_WARN_UNDECLARED_SELECTOR = YES;
				GCC_WARN_UNINITIALIZED_AUTOS = YES_AGGRESSIVE;
				GCC_WARN_UNUSED_FUNCTION = YES;
				GCC_WARN_UNUSED_VARIABLE = YES;
				IPHONEOS_DEPLOYMENT_TARGET = 10.2;
				MTL_ENABLE_DEBUG_INFO = YES;
				ONLY_ACTIVE_ARCH = YES;
				SDKROOT = iphoneos;
				SWIFT_ACTIVE_COMPILATION_CONDITIONS = DEBUG;
				SWIFT_OPTIMIZATION_LEVEL = "-Onone";
				TARGETED_DEVICE_FAMILY = "1,2";
			};
			name = Debug;
		};
		10C2B18C1E7C8CB2000CF39F /* Release */ = {
			isa = XCBuildConfiguration;
			buildSettings = {
				ALWAYS_SEARCH_USER_PATHS = NO;
				CLANG_ANALYZER_NONNULL = YES;
				CLANG_CXX_LANGUAGE_STANDARD = "gnu++0x";
				CLANG_CXX_LIBRARY = "libc++";
				CLANG_ENABLE_MODULES = YES;
				CLANG_ENABLE_OBJC_ARC = YES;
				CLANG_WARN_BOOL_CONVERSION = YES;
				CLANG_WARN_CONSTANT_CONVERSION = YES;
				CLANG_WARN_DIRECT_OBJC_ISA_USAGE = YES_ERROR;
				CLANG_WARN_DOCUMENTATION_COMMENTS = YES;
				CLANG_WARN_EMPTY_BODY = YES;
				CLANG_WARN_ENUM_CONVERSION = YES;
				CLANG_WARN_INFINITE_RECURSION = YES;
				CLANG_WARN_INT_CONVERSION = YES;
				CLANG_WARN_OBJC_ROOT_CLASS = YES_ERROR;
				CLANG_WARN_SUSPICIOUS_MOVE = YES;
				CLANG_WARN_UNREACHABLE_CODE = YES;
				CLANG_WARN__DUPLICATE_METHOD_MATCH = YES;
				"CODE_SIGN_IDENTITY[sdk=iphoneos*]" = "iPhone Developer";
				COPY_PHASE_STRIP = NO;
				DEBUG_INFORMATION_FORMAT = "dwarf-with-dsym";
				ENABLE_NS_ASSERTIONS = NO;
				ENABLE_STRICT_OBJC_MSGSEND = YES;
				GCC_C_LANGUAGE_STANDARD = gnu99;
				GCC_NO_COMMON_BLOCKS = YES;
				GCC_WARN_64_TO_32_BIT_CONVERSION = YES;
				GCC_WARN_ABOUT_RETURN_TYPE = YES_ERROR;
				GCC_WARN_UNDECLARED_SELECTOR = YES;
				GCC_WARN_UNINITIALIZED_AUTOS = YES_AGGRESSIVE;
				GCC_WARN_UNUSED_FUNCTION = YES;
				GCC_WARN_UNUSED_VARIABLE = YES;
				IPHONEOS_DEPLOYMENT_TARGET = 10.2;
				MTL_ENABLE_DEBUG_INFO = NO;
				SDKROOT = iphoneos;
				SWIFT_OPTIMIZATION_LEVEL = "-Owholemodule";
				TARGETED_DEVICE_FAMILY = "1,2";
				VALIDATE_PRODUCT = YES;
			};
			name = Release;
		};
		10C2B18E1E7C8CB2000CF39F /* Debug */ = {
			isa = XCBuildConfiguration;
			baseConfigurationReference = 3145DF16EDB0FC7ADB1CC7A5 /* Pods-Uber Clone.debug.xcconfig */;
			buildSettings = {
				ASSETCATALOG_COMPILER_APPICON_NAME = AppIcon;
				INFOPLIST_FILE = "Uber Clone/Info.plist";
				LD_RUNPATH_SEARCH_PATHS = "$(inherited) @executable_path/Frameworks";
				PRODUCT_BUNDLE_IDENTIFIER = "com.mshayanh13.Uber-Clone";
				PRODUCT_NAME = "$(TARGET_NAME)";
				SWIFT_VERSION = 3.0;
			};
			name = Debug;
		};
		10C2B18F1E7C8CB2000CF39F /* Release */ = {
			isa = XCBuildConfiguration;
			baseConfigurationReference = 0ADAC73615171F9AE69F10C7 /* Pods-Uber Clone.release.xcconfig */;
			buildSettings = {
				ASSETCATALOG_COMPILER_APPICON_NAME = AppIcon;
				INFOPLIST_FILE = "Uber Clone/Info.plist";
				LD_RUNPATH_SEARCH_PATHS = "$(inherited) @executable_path/Frameworks";
				PRODUCT_BUNDLE_IDENTIFIER = "com.mshayanh13.Uber-Clone";
				PRODUCT_NAME = "$(TARGET_NAME)";
				SWIFT_VERSION = 3.0;
			};
			name = Release;
		};
/* End XCBuildConfiguration section */

/* Begin XCConfigurationList section */
		10C2B1761E7C8CB2000CF39F /* Build configuration list for PBXProject "Uber Clone" */ = {
			isa = XCConfigurationList;
			buildConfigurations = (
				10C2B18B1E7C8CB2000CF39F /* Debug */,
				10C2B18C1E7C8CB2000CF39F /* Release */,
			);
			defaultConfigurationIsVisible = 0;
			defaultConfigurationName = Release;
		};
		10C2B18D1E7C8CB2000CF39F /* Build configuration list for PBXNativeTarget "Uber Clone" */ = {
			isa = XCConfigurationList;
			buildConfigurations = (
				10C2B18E1E7C8CB2000CF39F /* Debug */,
				10C2B18F1E7C8CB2000CF39F /* Release */,
			);
			defaultConfigurationIsVisible = 0;
			defaultConfigurationName = Release;
		};
/* End XCConfigurationList section */
	};
	rootObject = 10C2B1731E7C8CB2000CF39F /* Project object */;
}
